// !$*UTF8*$!
{
	archiveVersion = 1;
	classes = {
	};
	objectVersion = 55;
	objects = {

/* Begin PBXBuildFile section */
		0065180F29A3CEA100B75A95 /* AppDelegate.swift in Sources */ = {isa = PBXBuildFile; fileRef = 0065180E29A3CEA100B75A95 /* AppDelegate.swift */; };
		0065181329A3CEA100B75A95 /* LoginViewController.swift in Sources */ = {isa = PBXBuildFile; fileRef = 0065181229A3CEA100B75A95 /* LoginViewController.swift */; };
		0065181629A3CEA100B75A95 /* Main.storyboard in Resources */ = {isa = PBXBuildFile; fileRef = 0065181429A3CEA100B75A95 /* Main.storyboard */; };
		0065181929A3CEA100B75A95 /* EasyChat.xcdatamodeld in Sources */ = {isa = PBXBuildFile; fileRef = 0065181729A3CEA100B75A95 /* EasyChat.xcdatamodeld */; };
		0065181B29A3CEA200B75A95 /* Assets.xcassets in Resources */ = {isa = PBXBuildFile; fileRef = 0065181A29A3CEA200B75A95 /* Assets.xcassets */; };
		0065181E29A3CEA200B75A95 /* LaunchScreen.storyboard in Resources */ = {isa = PBXBuildFile; fileRef = 0065181C29A3CEA200B75A95 /* LaunchScreen.storyboard */; };
		006A2A9D29A4B6DD00E2B7DC /* User.swift in Sources */ = {isa = PBXBuildFile; fileRef = 006A2A9C29A4B6DD00E2B7DC /* User.swift */; };
		006A2A9F29A4B76300E2B7DC /* LoginViewModel.swift in Sources */ = {isa = PBXBuildFile; fileRef = 006A2A9E29A4B76300E2B7DC /* LoginViewModel.swift */; };
		006A2AA229A4B7BB00E2B7DC /* Dynamic.swift in Sources */ = {isa = PBXBuildFile; fileRef = 006A2AA129A4B7BB00E2B7DC /* Dynamic.swift */; };
		006A2AA429A4BECE00E2B7DC /* LoginVC+constraints.swift in Sources */ = {isa = PBXBuildFile; fileRef = 006A2AA329A4BECD00E2B7DC /* LoginVC+constraints.swift */; };
		006A2AA629A4D84500E2B7DC /* LoginVC+statusBinding.swift in Sources */ = {isa = PBXBuildFile; fileRef = 006A2AA529A4D84500E2B7DC /* LoginVC+statusBinding.swift */; };
		006A2AA829A4D89200E2B7DC /* LoginVC+loginButton.swift in Sources */ = {isa = PBXBuildFile; fileRef = 006A2AA729A4D89200E2B7DC /* LoginVC+loginButton.swift */; };
		006A2AE329A73C1F00E2B7DC /* TabBarController.swift in Sources */ = {isa = PBXBuildFile; fileRef = 006A2AE229A73C1F00E2B7DC /* TabBarController.swift */; };
		006A2AE829A73C6800E2B7DC /* NewsViewController.swift in Sources */ = {isa = PBXBuildFile; fileRef = 006A2AE729A73C6800E2B7DC /* NewsViewController.swift */; };
		006A2AEA29A73C7C00E2B7DC /* FriendsViewController.swift in Sources */ = {isa = PBXBuildFile; fileRef = 006A2AE929A73C7C00E2B7DC /* FriendsViewController.swift */; };
		006A2AEC29A73C8D00E2B7DC /* GroupsViewController.swift in Sources */ = {isa = PBXBuildFile; fileRef = 006A2AEB29A73C8D00E2B7DC /* GroupsViewController.swift */; };
		006A2AEE29A7409800E2B7DC /* UIColorExtension.swift in Sources */ = {isa = PBXBuildFile; fileRef = 006A2AED29A7409800E2B7DC /* UIColorExtension.swift */; };
		006A2AF229A742F500E2B7DC /* Coordinator.swift in Sources */ = {isa = PBXBuildFile; fileRef = 006A2AF129A742F500E2B7DC /* Coordinator.swift */; };
		006A2AF429A7438200E2B7DC /* AppCoordinator.swift in Sources */ = {isa = PBXBuildFile; fileRef = 006A2AF329A7438200E2B7DC /* AppCoordinator.swift */; };
		006A2AF729A744A500E2B7DC /* AdapterViewControllers.swift in Sources */ = {isa = PBXBuildFile; fileRef = 006A2AF629A744A500E2B7DC /* AdapterViewControllers.swift */; };
		006A2AF929A7476600E2B7DC /* AdapterTabBarControllers.swift in Sources */ = {isa = PBXBuildFile; fileRef = 006A2AF829A7476600E2B7DC /* AdapterTabBarControllers.swift */; };
		006A2AFD29A761A100E2B7DC /* NetworkController.swift in Sources */ = {isa = PBXBuildFile; fileRef = 006A2AFC29A761A100E2B7DC /* NetworkController.swift */; };
		006A2AFF29A761CB00E2B7DC /* NetworkerProtocol.swift in Sources */ = {isa = PBXBuildFile; fileRef = 006A2AFE29A761CB00E2B7DC /* NetworkerProtocol.swift */; };
		006A2B0329A7641B00E2B7DC /* JsonInfo.swift in Sources */ = {isa = PBXBuildFile; fileRef = 006A2B0229A7641B00E2B7DC /* JsonInfo.swift */; };
		0AB34E2779806B916D650D0C /* Pods_EasyChat.framework in Frameworks */ = {isa = PBXBuildFile; fileRef = 3D71272C3754FCCDE60933E0 /* Pods_EasyChat.framework */; };
/* End PBXBuildFile section */

/* Begin PBXFileReference section */
		0065180B29A3CEA100B75A95 /* EasyChat.app */ = {isa = PBXFileReference; explicitFileType = wrapper.application; includeInIndex = 0; path = EasyChat.app; sourceTree = BUILT_PRODUCTS_DIR; };
		0065180E29A3CEA100B75A95 /* AppDelegate.swift */ = {isa = PBXFileReference; lastKnownFileType = sourcecode.swift; path = AppDelegate.swift; sourceTree = "<group>"; };
		0065181229A3CEA100B75A95 /* LoginViewController.swift */ = {isa = PBXFileReference; lastKnownFileType = sourcecode.swift; path = LoginViewController.swift; sourceTree = "<group>"; };
		0065181529A3CEA100B75A95 /* Base */ = {isa = PBXFileReference; lastKnownFileType = file.storyboard; name = Base; path = Base.lproj/Main.storyboard; sourceTree = "<group>"; };
		0065181829A3CEA100B75A95 /* EasyChat.xcdatamodel */ = {isa = PBXFileReference; lastKnownFileType = wrapper.xcdatamodel; path = EasyChat.xcdatamodel; sourceTree = "<group>"; };
		0065181A29A3CEA200B75A95 /* Assets.xcassets */ = {isa = PBXFileReference; lastKnownFileType = folder.assetcatalog; path = Assets.xcassets; sourceTree = "<group>"; };
		0065181D29A3CEA200B75A95 /* Base */ = {isa = PBXFileReference; lastKnownFileType = file.storyboard; name = Base; path = Base.lproj/LaunchScreen.storyboard; sourceTree = "<group>"; };
		0065181F29A3CEA200B75A95 /* Info.plist */ = {isa = PBXFileReference; lastKnownFileType = text.plist.xml; path = Info.plist; sourceTree = "<group>"; };
		006A2A9C29A4B6DD00E2B7DC /* User.swift */ = {isa = PBXFileReference; lastKnownFileType = sourcecode.swift; path = User.swift; sourceTree = "<group>"; };
		006A2A9E29A4B76300E2B7DC /* LoginViewModel.swift */ = {isa = PBXFileReference; lastKnownFileType = sourcecode.swift; path = LoginViewModel.swift; sourceTree = "<group>"; };
		006A2AA129A4B7BB00E2B7DC /* Dynamic.swift */ = {isa = PBXFileReference; lastKnownFileType = sourcecode.swift; path = Dynamic.swift; sourceTree = "<group>"; };
		006A2AA329A4BECD00E2B7DC /* LoginVC+constraints.swift */ = {isa = PBXFileReference; lastKnownFileType = sourcecode.swift; path = "LoginVC+constraints.swift"; sourceTree = "<group>"; };
		006A2AA529A4D84500E2B7DC /* LoginVC+statusBinding.swift */ = {isa = PBXFileReference; lastKnownFileType = sourcecode.swift; path = "LoginVC+statusBinding.swift"; sourceTree = "<group>"; };
		006A2AA729A4D89200E2B7DC /* LoginVC+loginButton.swift */ = {isa = PBXFileReference; lastKnownFileType = sourcecode.swift; path = "LoginVC+loginButton.swift"; sourceTree = "<group>"; };
		006A2AE229A73C1F00E2B7DC /* TabBarController.swift */ = {isa = PBXFileReference; lastKnownFileType = sourcecode.swift; path = TabBarController.swift; sourceTree = "<group>"; };
		006A2AE729A73C6800E2B7DC /* NewsViewController.swift */ = {isa = PBXFileReference; lastKnownFileType = sourcecode.swift; path = NewsViewController.swift; sourceTree = "<group>"; };
		006A2AE929A73C7C00E2B7DC /* FriendsViewController.swift */ = {isa = PBXFileReference; lastKnownFileType = sourcecode.swift; path = FriendsViewController.swift; sourceTree = "<group>"; };
		006A2AEB29A73C8D00E2B7DC /* GroupsViewController.swift */ = {isa = PBXFileReference; lastKnownFileType = sourcecode.swift; path = GroupsViewController.swift; sourceTree = "<group>"; };
		006A2AED29A7409800E2B7DC /* UIColorExtension.swift */ = {isa = PBXFileReference; lastKnownFileType = sourcecode.swift; path = UIColorExtension.swift; sourceTree = "<group>"; };
		006A2AF129A742F500E2B7DC /* Coordinator.swift */ = {isa = PBXFileReference; lastKnownFileType = sourcecode.swift; path = Coordinator.swift; sourceTree = "<group>"; };
		006A2AF329A7438200E2B7DC /* AppCoordinator.swift */ = {isa = PBXFileReference; lastKnownFileType = sourcecode.swift; path = AppCoordinator.swift; sourceTree = "<group>"; };
		006A2AF629A744A500E2B7DC /* AdapterViewControllers.swift */ = {isa = PBXFileReference; lastKnownFileType = sourcecode.swift; path = AdapterViewControllers.swift; sourceTree = "<group>"; };
		006A2AF829A7476600E2B7DC /* AdapterTabBarControllers.swift */ = {isa = PBXFileReference; lastKnownFileType = sourcecode.swift; path = AdapterTabBarControllers.swift; sourceTree = "<group>"; };
		006A2AFC29A761A100E2B7DC /* NetworkController.swift */ = {isa = PBXFileReference; lastKnownFileType = sourcecode.swift; path = NetworkController.swift; sourceTree = "<group>"; };
		006A2AFE29A761CB00E2B7DC /* NetworkerProtocol.swift */ = {isa = PBXFileReference; lastKnownFileType = sourcecode.swift; path = NetworkerProtocol.swift; sourceTree = "<group>"; };
		006A2B0229A7641B00E2B7DC /* JsonInfo.swift */ = {isa = PBXFileReference; lastKnownFileType = sourcecode.swift; path = JsonInfo.swift; sourceTree = "<group>"; };
		3D71272C3754FCCDE60933E0 /* Pods_EasyChat.framework */ = {isa = PBXFileReference; explicitFileType = wrapper.framework; includeInIndex = 0; path = Pods_EasyChat.framework; sourceTree = BUILT_PRODUCTS_DIR; };
		6C9F3B523E912DB8D3736EBF /* Pods-EasyChat.debug.xcconfig */ = {isa = PBXFileReference; includeInIndex = 1; lastKnownFileType = text.xcconfig; name = "Pods-EasyChat.debug.xcconfig"; path = "Target Support Files/Pods-EasyChat/Pods-EasyChat.debug.xcconfig"; sourceTree = "<group>"; };
		AED88A278DD0D864BD4C68F2 /* Pods-EasyChat.release.xcconfig */ = {isa = PBXFileReference; includeInIndex = 1; lastKnownFileType = text.xcconfig; name = "Pods-EasyChat.release.xcconfig"; path = "Target Support Files/Pods-EasyChat/Pods-EasyChat.release.xcconfig"; sourceTree = "<group>"; };
/* End PBXFileReference section */

/* Begin PBXFrameworksBuildPhase section */
		0065180829A3CEA100B75A95 /* Frameworks */ = {
			isa = PBXFrameworksBuildPhase;
			buildActionMask = 2147483647;
			files = (
				0AB34E2779806B916D650D0C /* Pods_EasyChat.framework in Frameworks */,
			);
			runOnlyForDeploymentPostprocessing = 0;
		};
/* End PBXFrameworksBuildPhase section */

/* Begin PBXGroup section */
		0065180229A3CEA100B75A95 = {
			isa = PBXGroup;
			children = (
				0065180D29A3CEA100B75A95 /* EasyChat */,
				0065180C29A3CEA100B75A95 /* Products */,
				FC0195CC75CD6BC1816328E6 /* Pods */,
				69A4B6A25DDA53209E59362A /* Frameworks */,
			);
			sourceTree = "<group>";
		};
		0065180C29A3CEA100B75A95 /* Products */ = {
			isa = PBXGroup;
			children = (
				0065180B29A3CEA100B75A95 /* EasyChat.app */,
			);
			name = Products;
			sourceTree = "<group>";
		};
		0065180D29A3CEA100B75A95 /* EasyChat */ = {
			isa = PBXGroup;
			children = (
				006A2AFA29A7616900E2B7DC /* WorkingWithData */,
				006A2AEF29A742D000E2B7DC /* Coordinators */,
				006A2A9A29A4B64E00E2B7DC /* ViewModels */,
				006A2A9929A4B64500E2B7DC /* Views */,
				006A2A9829A4B63900E2B7DC /* Models */,
				0065180E29A3CEA100B75A95 /* AppDelegate.swift */,
				0065181A29A3CEA200B75A95 /* Assets.xcassets */,
				0065181F29A3CEA200B75A95 /* Info.plist */,
				0065181729A3CEA100B75A95 /* EasyChat.xcdatamodeld */,
			);
			path = EasyChat;
			sourceTree = "<group>";
		};
		006A2A9829A4B63900E2B7DC /* Models */ = {
			isa = PBXGroup;
			children = (
				006A2A9C29A4B6DD00E2B7DC /* User.swift */,
			);
			path = Models;
			sourceTree = "<group>";
		};
		006A2A9929A4B64500E2B7DC /* Views */ = {
			isa = PBXGroup;
			children = (
				006A2AF529A7446A00E2B7DC /* Protocols */,
				006A2AE129A73BC400E2B7DC /* TabBarVC */,
				006A2AE629A73C4300E2B7DC /* NewsVC */,
				006A2AE429A73C2B00E2B7DC /* FriendsVC */,
				006A2AE529A73C3700E2B7DC /* GroupsVC */,
				006A2AE029A73BAE00E2B7DC /* LoginVC */,
				006A2A9B29A4B66200E2B7DC /* Storyboards */,
			);
			path = Views;
			sourceTree = "<group>";
		};
		006A2A9A29A4B64E00E2B7DC /* ViewModels */ = {
			isa = PBXGroup;
			children = (
				006A2AA029A4B7A900E2B7DC /* Bindings */,
				006A2A9E29A4B76300E2B7DC /* LoginViewModel.swift */,
			);
			path = ViewModels;
			sourceTree = "<group>";
		};
		006A2A9B29A4B66200E2B7DC /* Storyboards */ = {
			isa = PBXGroup;
			children = (
				0065181429A3CEA100B75A95 /* Main.storyboard */,
				0065181C29A3CEA200B75A95 /* LaunchScreen.storyboard */,
			);
			path = Storyboards;
			sourceTree = "<group>";
		};
		006A2AA029A4B7A900E2B7DC /* Bindings */ = {
			isa = PBXGroup;
			children = (
				006A2AA129A4B7BB00E2B7DC /* Dynamic.swift */,
			);
			path = Bindings;
			sourceTree = "<group>";
		};
		006A2AE029A73BAE00E2B7DC /* LoginVC */ = {
			isa = PBXGroup;
			children = (
				0065181229A3CEA100B75A95 /* LoginViewController.swift */,
				006A2AA329A4BECD00E2B7DC /* LoginVC+constraints.swift */,
				006A2AA529A4D84500E2B7DC /* LoginVC+statusBinding.swift */,
				006A2AA729A4D89200E2B7DC /* LoginVC+loginButton.swift */,
			);
			path = LoginVC;
			sourceTree = "<group>";
		};
		006A2AE129A73BC400E2B7DC /* TabBarVC */ = {
			isa = PBXGroup;
			children = (
				006A2AE229A73C1F00E2B7DC /* TabBarController.swift */,
				006A2AED29A7409800E2B7DC /* UIColorExtension.swift */,
			);
			path = TabBarVC;
			sourceTree = "<group>";
		};
		006A2AE429A73C2B00E2B7DC /* FriendsVC */ = {
			isa = PBXGroup;
			children = (
				006A2AE929A73C7C00E2B7DC /* FriendsViewController.swift */,
			);
			path = FriendsVC;
			sourceTree = "<group>";
		};
		006A2AE529A73C3700E2B7DC /* GroupsVC */ = {
			isa = PBXGroup;
			children = (
				006A2AEB29A73C8D00E2B7DC /* GroupsViewController.swift */,
			);
			path = GroupsVC;
			sourceTree = "<group>";
		};
		006A2AE629A73C4300E2B7DC /* NewsVC */ = {
			isa = PBXGroup;
			children = (
				006A2AE729A73C6800E2B7DC /* NewsViewController.swift */,
			);
			path = NewsVC;
			sourceTree = "<group>";
		};
		006A2AEF29A742D000E2B7DC /* Coordinators */ = {
			isa = PBXGroup;
			children = (
				006A2AF029A742E000E2B7DC /* Protocols */,
				006A2AF329A7438200E2B7DC /* AppCoordinator.swift */,
			);
			path = Coordinators;
			sourceTree = "<group>";
		};
		006A2AF029A742E000E2B7DC /* Protocols */ = {
			isa = PBXGroup;
			children = (
				006A2AF129A742F500E2B7DC /* Coordinator.swift */,
			);
			path = Protocols;
			sourceTree = "<group>";
		};
		006A2AF529A7446A00E2B7DC /* Protocols */ = {
			isa = PBXGroup;
			children = (
				006A2AF629A744A500E2B7DC /* AdapterViewControllers.swift */,
				006A2AF829A7476600E2B7DC /* AdapterTabBarControllers.swift */,
			);
			path = Protocols;
			sourceTree = "<group>";
		};
		006A2AFA29A7616900E2B7DC /* WorkingWithData */ = {
			isa = PBXGroup;
			children = (
				006A2B0029A763EA00E2B7DC /* JsonStructs */,
				006A2AFB29A7618700E2B7DC /* Network */,
			);
			path = WorkingWithData;
			sourceTree = "<group>";
		};
		006A2AFB29A7618700E2B7DC /* Network */ = {
			isa = PBXGroup;
			children = (
				006A2AFE29A761CB00E2B7DC /* NetworkerProtocol.swift */,
				006A2AFC29A761A100E2B7DC /* NetworkController.swift */,
			);
			path = Network;
			sourceTree = "<group>";
		};
		006A2B0029A763EA00E2B7DC /* JsonStructs */ = {
			isa = PBXGroup;
			children = (
				006A2B0129A763FB00E2B7DC /* JsonInfo */,
			);
			path = JsonStructs;
			sourceTree = "<group>";
		};
		006A2B0129A763FB00E2B7DC /* JsonInfo */ = {
			isa = PBXGroup;
			children = (
				006A2B0229A7641B00E2B7DC /* JsonInfo.swift */,
			);
			path = JsonInfo;
			sourceTree = "<group>";
		};
		69A4B6A25DDA53209E59362A /* Frameworks */ = {
			isa = PBXGroup;
			children = (
				3D71272C3754FCCDE60933E0 /* Pods_EasyChat.framework */,
			);
			name = Frameworks;
			sourceTree = "<group>";
		};
		FC0195CC75CD6BC1816328E6 /* Pods */ = {
			isa = PBXGroup;
			children = (
				6C9F3B523E912DB8D3736EBF /* Pods-EasyChat.debug.xcconfig */,
				AED88A278DD0D864BD4C68F2 /* Pods-EasyChat.release.xcconfig */,
			);
			path = Pods;
			sourceTree = "<group>";
		};
/* End PBXGroup section */

/* Begin PBXNativeTarget section */
		0065180A29A3CEA100B75A95 /* EasyChat */ = {
			isa = PBXNativeTarget;
			buildConfigurationList = 0065182229A3CEA200B75A95 /* Build configuration list for PBXNativeTarget "EasyChat" */;
			buildPhases = (
				7F2ADFCE1F9398A8110AD1CD /* [CP] Check Pods Manifest.lock */,
				0065180729A3CEA100B75A95 /* Sources */,
				0065180829A3CEA100B75A95 /* Frameworks */,
				0065180929A3CEA100B75A95 /* Resources */,
				D9FDF3A86CE326A32DBAF4D6 /* [CP] Embed Pods Frameworks */,
			);
			buildRules = (
			);
			dependencies = (
			);
			name = EasyChat;
			productName = EasyChat;
			productReference = 0065180B29A3CEA100B75A95 /* EasyChat.app */;
			productType = "com.apple.product-type.application";
		};
/* End PBXNativeTarget section */

/* Begin PBXProject section */
		0065180329A3CEA100B75A95 /* Project object */ = {
			isa = PBXProject;
			attributes = {
				BuildIndependentTargetsInParallel = 1;
				LastSwiftUpdateCheck = 1340;
				LastUpgradeCheck = 1340;
				TargetAttributes = {
					0065180A29A3CEA100B75A95 = {
						CreatedOnToolsVersion = 13.4;
					};
				};
			};
			buildConfigurationList = 0065180629A3CEA100B75A95 /* Build configuration list for PBXProject "EasyChat" */;
			compatibilityVersion = "Xcode 13.0";
			developmentRegion = en;
			hasScannedForEncodings = 0;
			knownRegions = (
				en,
				Base,
			);
			mainGroup = 0065180229A3CEA100B75A95;
			productRefGroup = 0065180C29A3CEA100B75A95 /* Products */;
			projectDirPath = "";
			projectRoot = "";
			targets = (
				0065180A29A3CEA100B75A95 /* EasyChat */,
			);
		};
/* End PBXProject section */

/* Begin PBXResourcesBuildPhase section */
		0065180929A3CEA100B75A95 /* Resources */ = {
			isa = PBXResourcesBuildPhase;
			buildActionMask = 2147483647;
			files = (
				0065181E29A3CEA200B75A95 /* LaunchScreen.storyboard in Resources */,
				0065181B29A3CEA200B75A95 /* Assets.xcassets in Resources */,
				0065181629A3CEA100B75A95 /* Main.storyboard in Resources */,
			);
			runOnlyForDeploymentPostprocessing = 0;
		};
/* End PBXResourcesBuildPhase section */

/* Begin PBXShellScriptBuildPhase section */
		7F2ADFCE1F9398A8110AD1CD /* [CP] Check Pods Manifest.lock */ = {
			isa = PBXShellScriptBuildPhase;
			buildActionMask = 2147483647;
			files = (
			);
			inputFileListPaths = (
			);
			inputPaths = (
				"${PODS_PODFILE_DIR_PATH}/Podfile.lock",
				"${PODS_ROOT}/Manifest.lock",
			);
			name = "[CP] Check Pods Manifest.lock";
			outputFileListPaths = (
			);
			outputPaths = (
				"$(DERIVED_FILE_DIR)/Pods-EasyChat-checkManifestLockResult.txt",
			);
			runOnlyForDeploymentPostprocessing = 0;
			shellPath = /bin/sh;
			shellScript = "diff \"${PODS_PODFILE_DIR_PATH}/Podfile.lock\" \"${PODS_ROOT}/Manifest.lock\" > /dev/null\nif [ $? != 0 ] ; then\n    # print error to STDERR\n    echo \"error: The sandbox is not in sync with the Podfile.lock. Run 'pod install' or update your CocoaPods installation.\" >&2\n    exit 1\nfi\n# This output is used by Xcode 'outputs' to avoid re-running this script phase.\necho \"SUCCESS\" > \"${SCRIPT_OUTPUT_FILE_0}\"\n";
			showEnvVarsInLog = 0;
		};
		D9FDF3A86CE326A32DBAF4D6 /* [CP] Embed Pods Frameworks */ = {
			isa = PBXShellScriptBuildPhase;
			buildActionMask = 2147483647;
			files = (
			);
			inputFileListPaths = (
				"${PODS_ROOT}/Target Support Files/Pods-EasyChat/Pods-EasyChat-frameworks-${CONFIGURATION}-input-files.xcfilelist",
			);
			name = "[CP] Embed Pods Frameworks";
			outputFileListPaths = (
				"${PODS_ROOT}/Target Support Files/Pods-EasyChat/Pods-EasyChat-frameworks-${CONFIGURATION}-output-files.xcfilelist",
			);
			runOnlyForDeploymentPostprocessing = 0;
			shellPath = /bin/sh;
			shellScript = "\"${PODS_ROOT}/Target Support Files/Pods-EasyChat/Pods-EasyChat-frameworks.sh\"\n";
			showEnvVarsInLog = 0;
		};
/* End PBXShellScriptBuildPhase section */

/* Begin PBXSourcesBuildPhase section */
		0065180729A3CEA100B75A95 /* Sources */ = {
			isa = PBXSourcesBuildPhase;
			buildActionMask = 2147483647;
			files = (
				0065181329A3CEA100B75A95 /* LoginViewController.swift in Sources */,
				006A2AFD29A761A100E2B7DC /* NetworkController.swift in Sources */,
				006A2AEE29A7409800E2B7DC /* UIColorExtension.swift in Sources */,
				006A2AF229A742F500E2B7DC /* Coordinator.swift in Sources */,
				006A2B0329A7641B00E2B7DC /* JsonInfo.swift in Sources */,
				006A2AF929A7476600E2B7DC /* AdapterTabBarControllers.swift in Sources */,
				006A2AA429A4BECE00E2B7DC /* LoginVC+constraints.swift in Sources */,
				006A2AF429A7438200E2B7DC /* AppCoordinator.swift in Sources */,
				006A2AF729A744A500E2B7DC /* AdapterViewControllers.swift in Sources */,
				0065180F29A3CEA100B75A95 /* AppDelegate.swift in Sources */,
				006A2AE329A73C1F00E2B7DC /* TabBarController.swift in Sources */,
				006A2AEA29A73C7C00E2B7DC /* FriendsViewController.swift in Sources */,
				006A2AEC29A73C8D00E2B7DC /* GroupsViewController.swift in Sources */,
				006A2AE829A73C6800E2B7DC /* NewsViewController.swift in Sources */,
				006A2AA629A4D84500E2B7DC /* LoginVC+statusBinding.swift in Sources */,
				006A2AA229A4B7BB00E2B7DC /* Dynamic.swift in Sources */,
				006A2AA829A4D89200E2B7DC /* LoginVC+loginButton.swift in Sources */,
				006A2A9D29A4B6DD00E2B7DC /* User.swift in Sources */,
				006A2AFF29A761CB00E2B7DC /* NetworkerProtocol.swift in Sources */,
				006A2A9F29A4B76300E2B7DC /* LoginViewModel.swift in Sources */,
				0065181929A3CEA100B75A95 /* EasyChat.xcdatamodeld in Sources */,
			);
			runOnlyForDeploymentPostprocessing = 0;
		};
/* End PBXSourcesBuildPhase section */

/* Begin PBXVariantGroup section */
		0065181429A3CEA100B75A95 /* Main.storyboard */ = {
			isa = PBXVariantGroup;
			children = (
				0065181529A3CEA100B75A95 /* Base */,
			);
			name = Main.storyboard;
			sourceTree = "<group>";
		};
		0065181C29A3CEA200B75A95 /* LaunchScreen.storyboard */ = {
			isa = PBXVariantGroup;
			children = (
				0065181D29A3CEA200B75A95 /* Base */,
			);
			name = LaunchScreen.storyboard;
			sourceTree = "<group>";
		};
/* End PBXVariantGroup section */

/* Begin XCBuildConfiguration section */
		0065182029A3CEA200B75A95 /* Debug */ = {
			isa = XCBuildConfiguration;
			buildSettings = {
				ALWAYS_SEARCH_USER_PATHS = NO;
				CLANG_ANALYZER_NONNULL = YES;
				CLANG_ANALYZER_NUMBER_OBJECT_CONVERSION = YES_AGGRESSIVE;
				CLANG_CXX_LANGUAGE_STANDARD = "gnu++17";
				CLANG_ENABLE_MODULES = YES;
				CLANG_ENABLE_OBJC_ARC = YES;
				CLANG_ENABLE_OBJC_WEAK = YES;
				CLANG_WARN_BLOCK_CAPTURE_AUTORELEASING = YES;
				CLANG_WARN_BOOL_CONVERSION = YES;
				CLANG_WARN_COMMA = YES;
				CLANG_WARN_CONSTANT_CONVERSION = YES;
				CLANG_WARN_DEPRECATED_OBJC_IMPLEMENTATIONS = YES;
				CLANG_WARN_DIRECT_OBJC_ISA_USAGE = YES_ERROR;
				CLANG_WARN_DOCUMENTATION_COMMENTS = YES;
				CLANG_WARN_EMPTY_BODY = YES;
				CLANG_WARN_ENUM_CONVERSION = YES;
				CLANG_WARN_INFINITE_RECURSION = YES;
				CLANG_WARN_INT_CONVERSION = YES;
				CLANG_WARN_NON_LITERAL_NULL_CONVERSION = YES;
				CLANG_WARN_OBJC_IMPLICIT_RETAIN_SELF = YES;
				CLANG_WARN_OBJC_LITERAL_CONVERSION = YES;
				CLANG_WARN_OBJC_ROOT_CLASS = YES_ERROR;
				CLANG_WARN_QUOTED_INCLUDE_IN_FRAMEWORK_HEADER = YES;
				CLANG_WARN_RANGE_LOOP_ANALYSIS = YES;
				CLANG_WARN_STRICT_PROTOTYPES = YES;
				CLANG_WARN_SUSPICIOUS_MOVE = YES;
				CLANG_WARN_UNGUARDED_AVAILABILITY = YES_AGGRESSIVE;
				CLANG_WARN_UNREACHABLE_CODE = YES;
				CLANG_WARN__DUPLICATE_METHOD_MATCH = YES;
				COPY_PHASE_STRIP = NO;
				DEBUG_INFORMATION_FORMAT = dwarf;
				ENABLE_STRICT_OBJC_MSGSEND = YES;
				ENABLE_TESTABILITY = YES;
				GCC_C_LANGUAGE_STANDARD = gnu11;
				GCC_DYNAMIC_NO_PIC = NO;
				GCC_NO_COMMON_BLOCKS = YES;
				GCC_OPTIMIZATION_LEVEL = 0;
				GCC_PREPROCESSOR_DEFINITIONS = (
					"DEBUG=1",
					"$(inherited)",
				);
				GCC_WARN_64_TO_32_BIT_CONVERSION = YES;
				GCC_WARN_ABOUT_RETURN_TYPE = YES_ERROR;
				GCC_WARN_UNDECLARED_SELECTOR = YES;
				GCC_WARN_UNINITIALIZED_AUTOS = YES_AGGRESSIVE;
				GCC_WARN_UNUSED_FUNCTION = YES;
				GCC_WARN_UNUSED_VARIABLE = YES;
				IPHONEOS_DEPLOYMENT_TARGET = 15.5;
				MTL_ENABLE_DEBUG_INFO = INCLUDE_SOURCE;
				MTL_FAST_MATH = YES;
				ONLY_ACTIVE_ARCH = YES;
				SDKROOT = iphoneos;
				SWIFT_ACTIVE_COMPILATION_CONDITIONS = DEBUG;
				SWIFT_OPTIMIZATION_LEVEL = "-Onone";
			};
			name = Debug;
		};
		0065182129A3CEA200B75A95 /* Release */ = {
			isa = XCBuildConfiguration;
			buildSettings = {
				ALWAYS_SEARCH_USER_PATHS = NO;
				CLANG_ANALYZER_NONNULL = YES;
				CLANG_ANALYZER_NUMBER_OBJECT_CONVERSION = YES_AGGRESSIVE;
				CLANG_CXX_LANGUAGE_STANDARD = "gnu++17";
				CLANG_ENABLE_MODULES = YES;
				CLANG_ENABLE_OBJC_ARC = YES;
				CLANG_ENABLE_OBJC_WEAK = YES;
				CLANG_WARN_BLOCK_CAPTURE_AUTORELEASING = YES;
				CLANG_WARN_BOOL_CONVERSION = YES;
				CLANG_WARN_COMMA = YES;
				CLANG_WARN_CONSTANT_CONVERSION = YES;
				CLANG_WARN_DEPRECATED_OBJC_IMPLEMENTATIONS = YES;
				CLANG_WARN_DIRECT_OBJC_ISA_USAGE = YES_ERROR;
				CLANG_WARN_DOCUMENTATION_COMMENTS = YES;
				CLANG_WARN_EMPTY_BODY = YES;
				CLANG_WARN_ENUM_CONVERSION = YES;
				CLANG_WARN_INFINITE_RECURSION = YES;
				CLANG_WARN_INT_CONVERSION = YES;
				CLANG_WARN_NON_LITERAL_NULL_CONVERSION = YES;
				CLANG_WARN_OBJC_IMPLICIT_RETAIN_SELF = YES;
				CLANG_WARN_OBJC_LITERAL_CONVERSION = YES;
				CLANG_WARN_OBJC_ROOT_CLASS = YES_ERROR;
				CLANG_WARN_QUOTED_INCLUDE_IN_FRAMEWORK_HEADER = YES;
				CLANG_WARN_RANGE_LOOP_ANALYSIS = YES;
				CLANG_WARN_STRICT_PROTOTYPES = YES;
				CLANG_WARN_SUSPICIOUS_MOVE = YES;
				CLANG_WARN_UNGUARDED_AVAILABILITY = YES_AGGRESSIVE;
				CLANG_WARN_UNREACHABLE_CODE = YES;
				CLANG_WARN__DUPLICATE_METHOD_MATCH = YES;
				COPY_PHASE_STRIP = NO;
				DEBUG_INFORMATION_FORMAT = "dwarf-with-dsym";
				ENABLE_NS_ASSERTIONS = NO;
				ENABLE_STRICT_OBJC_MSGSEND = YES;
				GCC_C_LANGUAGE_STANDARD = gnu11;
				GCC_NO_COMMON_BLOCKS = YES;
				GCC_WARN_64_TO_32_BIT_CONVERSION = YES;
				GCC_WARN_ABOUT_RETURN_TYPE = YES_ERROR;
				GCC_WARN_UNDECLARED_SELECTOR = YES;
				GCC_WARN_UNINITIALIZED_AUTOS = YES_AGGRESSIVE;
				GCC_WARN_UNUSED_FUNCTION = YES;
				GCC_WARN_UNUSED_VARIABLE = YES;
				IPHONEOS_DEPLOYMENT_TARGET = 15.5;
				MTL_ENABLE_DEBUG_INFO = NO;
				MTL_FAST_MATH = YES;
				SDKROOT = iphoneos;
				SWIFT_COMPILATION_MODE = wholemodule;
				SWIFT_OPTIMIZATION_LEVEL = "-O";
				VALIDATE_PRODUCT = YES;
			};
			name = Release;
		};
		0065182329A3CEA200B75A95 /* Debug */ = {
			isa = XCBuildConfiguration;
			baseConfigurationReference = 6C9F3B523E912DB8D3736EBF /* Pods-EasyChat.debug.xcconfig */;
			buildSettings = {
				ASSETCATALOG_COMPILER_APPICON_NAME = AppIcon;
				ASSETCATALOG_COMPILER_GLOBAL_ACCENT_COLOR_NAME = AccentColor;
				CODE_SIGN_STYLE = Automatic;
				CURRENT_PROJECT_VERSION = 1;
				DEVELOPMENT_TEAM = ZJHZJYQRGW;
				GENERATE_INFOPLIST_FILE = YES;
				INFOPLIST_FILE = EasyChat/Info.plist;
				INFOPLIST_KEY_UIApplicationSupportsIndirectInputEvents = YES;
				INFOPLIST_KEY_UILaunchStoryboardName = LaunchScreen;
				INFOPLIST_KEY_UISupportedInterfaceOrientations_iPad = "UIInterfaceOrientationPortrait UIInterfaceOrientationPortraitUpsideDown UIInterfaceOrientationLandscapeLeft UIInterfaceOrientationLandscapeRight";
				INFOPLIST_KEY_UISupportedInterfaceOrientations_iPhone = "UIInterfaceOrientationPortrait UIInterfaceOrientationLandscapeLeft UIInterfaceOrientationLandscapeRight";
				LD_RUNPATH_SEARCH_PATHS = (
					"$(inherited)",
					"@executable_path/Frameworks",
				);
				MARKETING_VERSION = 1.0;
				PRODUCT_BUNDLE_IDENTIFIER = FirstProject.playground.EasyChat;
				PRODUCT_NAME = "$(TARGET_NAME)";
				SWIFT_EMIT_LOC_STRINGS = YES;
				SWIFT_VERSION = 5.0;
				TARGETED_DEVICE_FAMILY = "1,2";
			};
			name = Debug;
		};
		0065182429A3CEA200B75A95 /* Release */ = {
			isa = XCBuildConfiguration;
			baseConfigurationReference = AED88A278DD0D864BD4C68F2 /* Pods-EasyChat.release.xcconfig */;
			buildSettings = {
				ASSETCATALOG_COMPILER_APPICON_NAME = AppIcon;
				ASSETCATALOG_COMPILER_GLOBAL_ACCENT_COLOR_NAME = AccentColor;
				CODE_SIGN_STYLE = Automatic;
				CURRENT_PROJECT_VERSION = 1;
				DEVELOPMENT_TEAM = ZJHZJYQRGW;
				GENERATE_INFOPLIST_FILE = YES;
				INFOPLIST_FILE = EasyChat/Info.plist;
				INFOPLIST_KEY_UIApplicationSupportsIndirectInputEvents = YES;
				INFOPLIST_KEY_UILaunchStoryboardName = LaunchScreen;
				INFOPLIST_KEY_UISupportedInterfaceOrientations_iPad = "UIInterfaceOrientationPortrait UIInterfaceOrientationPortraitUpsideDown UIInterfaceOrientationLandscapeLeft UIInterfaceOrientationLandscapeRight";
				INFOPLIST_KEY_UISupportedInterfaceOrientations_iPhone = "UIInterfaceOrientationPortrait UIInterfaceOrientationLandscapeLeft UIInterfaceOrientationLandscapeRight";
				LD_RUNPATH_SEARCH_PATHS = (
					"$(inherited)",
					"@executable_path/Frameworks",
				);
				MARKETING_VERSION = 1.0;
				PRODUCT_BUNDLE_IDENTIFIER = FirstProject.playground.EasyChat;
				PRODUCT_NAME = "$(TARGET_NAME)";
				SWIFT_EMIT_LOC_STRINGS = YES;
				SWIFT_VERSION = 5.0;
				TARGETED_DEVICE_FAMILY = "1,2";
			};
			name = Release;
		};
/* End XCBuildConfiguration section */

/* Begin XCConfigurationList section */
		0065180629A3CEA100B75A95 /* Build configuration list for PBXProject "EasyChat" */ = {
			isa = XCConfigurationList;
			buildConfigurations = (
				0065182029A3CEA200B75A95 /* Debug */,
				0065182129A3CEA200B75A95 /* Release */,
			);
			defaultConfigurationIsVisible = 0;
			defaultConfigurationName = Release;
		};
		0065182229A3CEA200B75A95 /* Build configuration list for PBXNativeTarget "EasyChat" */ = {
			isa = XCConfigurationList;
			buildConfigurations = (
				0065182329A3CEA200B75A95 /* Debug */,
				0065182429A3CEA200B75A95 /* Release */,
			);
			defaultConfigurationIsVisible = 0;
			defaultConfigurationName = Release;
		};
/* End XCConfigurationList section */

/* Begin XCVersionGroup section */
		0065181729A3CEA100B75A95 /* EasyChat.xcdatamodeld */ = {
			isa = XCVersionGroup;
			children = (
				0065181829A3CEA100B75A95 /* EasyChat.xcdatamodel */,
			);
			currentVersion = 0065181829A3CEA100B75A95 /* EasyChat.xcdatamodel */;
			path = EasyChat.xcdatamodeld;
			sourceTree = "<group>";
			versionGroupType = wrapper.xcdatamodel;
		};
/* End XCVersionGroup section */
	};
	rootObject = 0065180329A3CEA100B75A95 /* Project object */;
}
